
Microsoft Visual Studio Solution File, Format Version 12.00
# Visual Studio Version 17
VisualStudioVersion = 17.8.34525.116
MinimumVisualStudioVersion = 10.0.40219.1
Project("{FAE04EC0-301F-11D3-BF4B-00C04F79EFBC}") = "doro-scoresheet", "doro-scoresheet\doro-scoresheet.csproj", "{1583B2C0-AC6C-4D9B-80BE-8A5D60F9D0D0}"
	ProjectSection(ProjectDependencies) = postProject
		{AE5A2B82-5AF6-4BE4-8E77-F25C80C285A3} = {AE5A2B82-5AF6-4BE4-8E77-F25C80C285A3}
	EndProjectSection
EndProject
Project("{FAE04EC0-301F-11D3-BF4B-00C04F79EFBC}") = "doro", "doro\doro.csproj", "{AE5A2B82-5AF6-4BE4-8E77-F25C80C285A3}"
EndProject
Global
	GlobalSection(SolutionConfigurationPlatforms) = preSolution
		Debug|Any CPU = Debug|Any CPU
		Release|Any CPU = Release|Any CPU
	EndGlobalSection
	GlobalSection(ProjectConfigurationPlatforms) = postSolution
		{1583B2C0-AC6C-4D9B-80BE-8A5D60F9D0D0}.Debug|Any CPU.ActiveCfg = Debug|Any CPU
		{1583B2C0-AC6C-4D9B-80BE-8A5D60F9D0D0}.Debug|Any CPU.Build.0 = Debug|Any CPU
		{1583B2C0-AC6C-4D9B-80BE-8A5D60F9D0D0}.Release|Any CPU.ActiveCfg = Release|Any CPU
		{1583B2C0-AC6C-4D9B-80BE-8A5D60F9D0D0}.Release|Any CPU.Build.0 = Release|Any CPU
		{AE5A2B82-5AF6-4BE4-8E77-F25C80C285A3}.Debug|Any CPU.ActiveCfg = Debug|Any CPU
		{AE5A2B82-5AF6-4BE4-8E77-F25C80C285A3}.Debug|Any CPU.Build.0 = Debug|Any CPU
		{AE5A2B82-5AF6-4BE4-8E77-F25C80C285A3}.Release|Any CPU.ActiveCfg = Release|Any CPU
		{AE5A2B82-5AF6-4BE4-8E77-F25C80C285A3}.Release|Any CPU.Build.0 = Release|Any CPU
	EndGlobalSection
	GlobalSection(SolutionProperties) = preSolution
		HideSolutionNode = FALSE
	EndGlobalSection
	GlobalSection(ExtensibilityGlobals) = postSolution
		SolutionGuid = {5623F876-2450-4972-829A-BEDB2F512EB4}
	EndGlobalSection
EndGlobal
